
Microsoft Visual Studio Solution File, Format Version 12.00
# Visual Studio Version 16
VisualStudioVersion = 16.0.31729.503
MinimumVisualStudioVersion = 10.0.40219.1
Project("{FAE04EC0-301F-11D3-BF4B-00C04F79EFBC}") = "ScriptStore", "ScriptStore\ScriptStore.csproj", "{D8D6E8B4-270E-4D5F-8E59-813AFF9723D7}"
EndProject
Project("{FAE04EC0-301F-11D3-BF4B-00C04F79EFBC}") = "BusinnesLogicLayer", "BusinnesLogicLayer\BusinnesLogicLayer.csproj", "{C3B8E85D-BDBD-4009-AC86-4AA20F3ED8F6}"
EndProject
Project("{FAE04EC0-301F-11D3-BF4B-00C04F79EFBC}") = "DataLayer", "DataLayer\DataLayer.csproj", "{EBF445E6-977C-4363-BFDB-C0A5A166A53B}"
EndProject
Global
	GlobalSection(SolutionConfigurationPlatforms) = preSolution
		Debug|Any CPU = Debug|Any CPU
		Release|Any CPU = Release|Any CPU
	EndGlobalSection
	GlobalSection(ProjectConfigurationPlatforms) = postSolution
		{D8D6E8B4-270E-4D5F-8E59-813AFF9723D7}.Debug|Any CPU.ActiveCfg = Debug|Any CPU
		{D8D6E8B4-270E-4D5F-8E59-813AFF9723D7}.Debug|Any CPU.Build.0 = Debug|Any CPU
		{D8D6E8B4-270E-4D5F-8E59-813AFF9723D7}.Release|Any CPU.ActiveCfg = Release|Any CPU
		{D8D6E8B4-270E-4D5F-8E59-813AFF9723D7}.Release|Any CPU.Build.0 = Release|Any CPU
		{C3B8E85D-BDBD-4009-AC86-4AA20F3ED8F6}.Debug|Any CPU.ActiveCfg = Debug|Any CPU
		{C3B8E85D-BDBD-4009-AC86-4AA20F3ED8F6}.Debug|Any CPU.Build.0 = Debug|Any CPU
		{C3B8E85D-BDBD-4009-AC86-4AA20F3ED8F6}.Release|Any CPU.ActiveCfg = Release|Any CPU
		{C3B8E85D-BDBD-4009-AC86-4AA20F3ED8F6}.Release|Any CPU.Build.0 = Release|Any CPU
		{EBF445E6-977C-4363-BFDB-C0A5A166A53B}.Debug|Any CPU.ActiveCfg = Debug|Any CPU
		{EBF445E6-977C-4363-BFDB-C0A5A166A53B}.Debug|Any CPU.Build.0 = Debug|Any CPU
		{EBF445E6-977C-4363-BFDB-C0A5A166A53B}.Release|Any CPU.ActiveCfg = Release|Any CPU
		{EBF445E6-977C-4363-BFDB-C0A5A166A53B}.Release|Any CPU.Build.0 = Release|Any CPU
	EndGlobalSection
	GlobalSection(SolutionProperties) = preSolution
		HideSolutionNode = FALSE
	EndGlobalSection
	GlobalSection(ExtensibilityGlobals) = postSolution
		SolutionGuid = {B9EF97B2-4C29-44D3-8C94-88DFDC759E76}
	EndGlobalSection
EndGlobal
